
Microsoft Visual Studio Solution File, Format Version 12.00
# Visual Studio Version 17
VisualStudioVersion = 17.2.32602.215
MinimumVisualStudioVersion = 10.0.40219.1
Project("{FAE04EC0-301F-11D3-BF4B-00C04F79EFBC}") = "WebApplication1", "WebApplication1\WebApplication1.csproj", "{6B9972FD-FF17-4C1A-B807-21F44DA9D5D2}"
EndProject
Project("{FAE04EC0-301F-11D3-BF4B-00C04F79EFBC}") = "DataModel", "Models\DataModel.csproj", "{680085BF-22E3-461B-810C-D9A17E94549F}"
EndProject
Project("{FAE04EC0-301F-11D3-BF4B-00C04F79EFBC}") = "DataContext", "DataContext\DataContext.csproj", "{96D98881-4A47-4D0F-8F22-281C5F0847E7}"
EndProject
Global
	GlobalSection(SolutionConfigurationPlatforms) = preSolution
		Debug|Any CPU = Debug|Any CPU
		Release|Any CPU = Release|Any CPU
	EndGlobalSection
	GlobalSection(ProjectConfigurationPlatforms) = postSolution
		{6B9972FD-FF17-4C1A-B807-21F44DA9D5D2}.Debug|Any CPU.ActiveCfg = Debug|Any CPU
		{6B9972FD-FF17-4C1A-B807-21F44DA9D5D2}.Debug|Any CPU.Build.0 = Debug|Any CPU
		{6B9972FD-FF17-4C1A-B807-21F44DA9D5D2}.Release|Any CPU.ActiveCfg = Release|Any CPU
		{6B9972FD-FF17-4C1A-B807-21F44DA9D5D2}.Release|Any CPU.Build.0 = Release|Any CPU
		{680085BF-22E3-461B-810C-D9A17E94549F}.Debug|Any CPU.ActiveCfg = Debug|Any CPU
		{680085BF-22E3-461B-810C-D9A17E94549F}.Debug|Any CPU.Build.0 = Debug|Any CPU
		{680085BF-22E3-461B-810C-D9A17E94549F}.Release|Any CPU.ActiveCfg = Release|Any CPU
		{680085BF-22E3-461B-810C-D9A17E94549F}.Release|Any CPU.Build.0 = Release|Any CPU
		{96D98881-4A47-4D0F-8F22-281C5F0847E7}.Debug|Any CPU.ActiveCfg = Debug|Any CPU
		{96D98881-4A47-4D0F-8F22-281C5F0847E7}.Debug|Any CPU.Build.0 = Debug|Any CPU
		{96D98881-4A47-4D0F-8F22-281C5F0847E7}.Release|Any CPU.ActiveCfg = Release|Any CPU
		{96D98881-4A47-4D0F-8F22-281C5F0847E7}.Release|Any CPU.Build.0 = Release|Any CPU
	EndGlobalSection
	GlobalSection(SolutionProperties) = preSolution
		HideSolutionNode = FALSE
	EndGlobalSection
	GlobalSection(ExtensibilityGlobals) = postSolution
		SolutionGuid = {FB8EF5D5-F128-4E4F-9DF7-930C5430802F}
	EndGlobalSection
EndGlobal
